{
  "name": "aimlunicode",
  "version": "1.0.0",
  "lockfileVersion": 1,
  "requires": true,
  "dependencies": {
    "dom-js": {
      "version": "0.0.9",
      "resolved": "https://registry.npmjs.org/dom-js/-/dom-js-0.0.9.tgz",
      "integrity": "sha1-LW3WwhGvAY8APzDt9WiPHvhvFac=",
      "requires": {
        "sax": ">=0.1.5"
      }
    },
    "sax": {
      "version": "1.2.4",
      "resolved": "https://registry.npmjs.org/sax/-/sax-1.2.4.tgz",
      "integrity": "sha512-NqVDv9TpANUjFm0N8uM5GxL36UgKi9/atZw+x7YFnQ8ckwFGKrl4xX4yWtrey3UJm5nP1kUbnYgLopqWNSRhWw=="
    }
  }
}
